// !$*UTF8*$!
{
	archiveVersion = 1;
	classes = {
	};
	objectVersion = 50;
	objects = {

/* Begin PBXBuildFile section */
		882F0821253988F60027A70C /* AppDelegate.swift in Sources */ = {isa = PBXBuildFile; fileRef = 882F0820253988F60027A70C /* AppDelegate.swift */; };
		882F0823253988F60027A70C /* SceneDelegate.swift in Sources */ = {isa = PBXBuildFile; fileRef = 882F0822253988F60027A70C /* SceneDelegate.swift */; };
		882F0825253988F60027A70C /* RaceViewController.swift in Sources */ = {isa = PBXBuildFile; fileRef = 882F0824253988F60027A70C /* RaceViewController.swift */; };
		882F0828253988F60027A70C /* Main.storyboard in Resources */ = {isa = PBXBuildFile; fileRef = 882F0826253988F60027A70C /* Main.storyboard */; };
		882F082A253988F80027A70C /* Assets.xcassets in Resources */ = {isa = PBXBuildFile; fileRef = 882F0829253988F80027A70C /* Assets.xcassets */; };
		882F082D253988F80027A70C /* LaunchScreen.storyboard in Resources */ = {isa = PBXBuildFile; fileRef = 882F082B253988F80027A70C /* LaunchScreen.storyboard */; };
		882F0836253989F10027A70C /* Races.swift in Sources */ = {isa = PBXBuildFile; fileRef = 882F0835253989F10027A70C /* Races.swift */; };
		882F083E253997EC0027A70C /* RaceDetailsView.swift in Sources */ = {isa = PBXBuildFile; fileRef = 882F083D253997EC0027A70C /* RaceDetailsView.swift */; };
		883492A6253CE23C00F46BA1 /* LoadingCell.xib in Resources */ = {isa = PBXBuildFile; fileRef = 883492A5253CE23C00F46BA1 /* LoadingCell.xib */; };
		8875F63A2539FA480050CDD1 /* RaceCellView.swift in Sources */ = {isa = PBXBuildFile; fileRef = 8875F6392539FA480050CDD1 /* RaceCellView.swift */; };
		88890733253A1D7700BCA0ED /* RaceCell.xib in Resources */ = {isa = PBXBuildFile; fileRef = 88890732253A1D7700BCA0ED /* RaceCell.xib */; };
		889F75A1253CCFC50046C7ED /* AuthenticationView.swift in Sources */ = {isa = PBXBuildFile; fileRef = 889F75A0253CCFC50046C7ED /* AuthenticationView.swift */; };
		88E59E9D2539A059001F2F68 /* OddCell.xib in Resources */ = {isa = PBXBuildFile; fileRef = 88E59E9C2539A059001F2F68 /* OddCell.xib */; };
		88E59EA02539A331001F2F68 /* OddCellView.swift in Sources */ = {isa = PBXBuildFile; fileRef = 88E59E9F2539A331001F2F68 /* OddCellView.swift */; };
/* End PBXBuildFile section */

/* Begin PBXFileReference section */
		882F081D253988F60027A70C /* SkyTest.app */ = {isa = PBXFileReference; explicitFileType = wrapper.application; includeInIndex = 0; path = SkyTest.app; sourceTree = BUILT_PRODUCTS_DIR; };
		882F0820253988F60027A70C /* AppDelegate.swift */ = {isa = PBXFileReference; lastKnownFileType = sourcecode.swift; path = AppDelegate.swift; sourceTree = "<group>"; };
		882F0822253988F60027A70C /* SceneDelegate.swift */ = {isa = PBXFileReference; lastKnownFileType = sourcecode.swift; path = SceneDelegate.swift; sourceTree = "<group>"; };
		882F0824253988F60027A70C /* RaceViewController.swift */ = {isa = PBXFileReference; lastKnownFileType = sourcecode.swift; path = RaceViewController.swift; sourceTree = "<group>"; };
		882F0827253988F60027A70C /* Base */ = {isa = PBXFileReference; lastKnownFileType = file.storyboard; name = Base; path = Base.lproj/Main.storyboard; sourceTree = "<group>"; };
		882F0829253988F80027A70C /* Assets.xcassets */ = {isa = PBXFileReference; lastKnownFileType = folder.assetcatalog; path = Assets.xcassets; sourceTree = "<group>"; };
		882F082C253988F80027A70C /* Base */ = {isa = PBXFileReference; lastKnownFileType = file.storyboard; name = Base; path = Base.lproj/LaunchScreen.storyboard; sourceTree = "<group>"; };
		882F082E253988F80027A70C /* Info.plist */ = {isa = PBXFileReference; lastKnownFileType = text.plist.xml; path = Info.plist; sourceTree = "<group>"; };
		882F0835253989F10027A70C /* Races.swift */ = {isa = PBXFileReference; lastKnownFileType = sourcecode.swift; path = Races.swift; sourceTree = "<group>"; };
		882F083D253997EC0027A70C /* RaceDetailsView.swift */ = {isa = PBXFileReference; lastKnownFileType = sourcecode.swift; path = RaceDetailsView.swift; sourceTree = "<group>"; };
		883492A5253CE23C00F46BA1 /* LoadingCell.xib */ = {isa = PBXFileReference; fileEncoding = 4; lastKnownFileType = file.xib; path = LoadingCell.xib; sourceTree = "<group>"; };
		8875F6392539FA480050CDD1 /* RaceCellView.swift */ = {isa = PBXFileReference; lastKnownFileType = sourcecode.swift; path = RaceCellView.swift; sourceTree = "<group>"; };
		88890732253A1D7700BCA0ED /* RaceCell.xib */ = {isa = PBXFileReference; lastKnownFileType = file.xib; path = RaceCell.xib; sourceTree = "<group>"; };
		889F75A0253CCFC50046C7ED /* AuthenticationView.swift */ = {isa = PBXFileReference; lastKnownFileType = sourcecode.swift; path = AuthenticationView.swift; sourceTree = "<group>"; };
		88E59E9C2539A059001F2F68 /* OddCell.xib */ = {isa = PBXFileReference; lastKnownFileType = file.xib; path = OddCell.xib; sourceTree = "<group>"; };
		88E59E9F2539A331001F2F68 /* OddCellView.swift */ = {isa = PBXFileReference; lastKnownFileType = sourcecode.swift; path = OddCellView.swift; sourceTree = "<group>"; };
/* End PBXFileReference section */

/* Begin PBXFrameworksBuildPhase section */
		882F081A253988F60027A70C /* Frameworks */ = {
			isa = PBXFrameworksBuildPhase;
			buildActionMask = 2147483647;
			files = (
			);
			runOnlyForDeploymentPostprocessing = 0;
		};
/* End PBXFrameworksBuildPhase section */

/* Begin PBXGroup section */
		882F0814253988F60027A70C = {
			isa = PBXGroup;
			children = (
				882F081F253988F60027A70C /* SkyTest */,
				882F081E253988F60027A70C /* Products */,
			);
			sourceTree = "<group>";
		};
		882F081E253988F60027A70C /* Products */ = {
			isa = PBXGroup;
			children = (
				882F081D253988F60027A70C /* SkyTest.app */,
			);
			name = Products;
			sourceTree = "<group>";
		};
		882F081F253988F60027A70C /* SkyTest */ = {
			isa = PBXGroup;
			children = (
				882F0820253988F60027A70C /* AppDelegate.swift */,
				882F0822253988F60027A70C /* SceneDelegate.swift */,
				8878A364253B44C900826602 /* Controller */,
				8878A365253B44E600826602 /* View */,
				8878A366253B44F000826602 /* Model */,
				882F0826253988F60027A70C /* Main.storyboard */,
				883492A5253CE23C00F46BA1 /* LoadingCell.xib */,
				882F0829253988F80027A70C /* Assets.xcassets */,
				882F082B253988F80027A70C /* LaunchScreen.storyboard */,
				882F082E253988F80027A70C /* Info.plist */,
			);
			path = SkyTest;
			sourceTree = "<group>";
		};
		883492A9253D86CB00F46BA1 /* RaceCellView */ = {
			isa = PBXGroup;
			children = (
				8875F6392539FA480050CDD1 /* RaceCellView.swift */,
				88890732253A1D7700BCA0ED /* RaceCell.xib */,
			);
			path = RaceCellView;
			sourceTree = "<group>";
		};
		883492AC253D86ED00F46BA1 /* OddCellView */ = {
			isa = PBXGroup;
			children = (
				88E59E9F2539A331001F2F68 /* OddCellView.swift */,
				88E59E9C2539A059001F2F68 /* OddCell.xib */,
			);
			path = OddCellView;
			sourceTree = "<group>";
		};
		8878A364253B44C900826602 /* Controller */ = {
			isa = PBXGroup;
			children = (
				882F0824253988F60027A70C /* RaceViewController.swift */,
			);
			path = Controller;
			sourceTree = "<group>";
		};
		8878A365253B44E600826602 /* View */ = {
			isa = PBXGroup;
			children = (
				889F75A0253CCFC50046C7ED /* AuthenticationView.swift */,
				882F083D253997EC0027A70C /* RaceDetailsView.swift */,
				883492A9253D86CB00F46BA1 /* RaceCellView */,
				883492AC253D86ED00F46BA1 /* OddCellView */,
			);
			path = View;
			sourceTree = "<group>";
		};
		8878A366253B44F000826602 /* Model */ = {
			isa = PBXGroup;
			children = (
				882F0835253989F10027A70C /* Races.swift */,
			);
			path = Model;
			sourceTree = "<group>";
		};
/* End PBXGroup section */

/* Begin PBXNativeTarget section */
		882F081C253988F60027A70C /* SkyTest */ = {
			isa = PBXNativeTarget;
			buildConfigurationList = 882F0831253988F80027A70C /* Build configuration list for PBXNativeTarget "SkyTest" */;
			buildPhases = (
				882F0819253988F60027A70C /* Sources */,
				882F081A253988F60027A70C /* Frameworks */,
				882F081B253988F60027A70C /* Resources */,
			);
			buildRules = (
			);
			dependencies = (
			);
			name = SkyTest;
			productName = SkyTest;
			productReference = 882F081D253988F60027A70C /* SkyTest.app */;
			productType = "com.apple.product-type.application";
		};
/* End PBXNativeTarget section */

/* Begin PBXProject section */
		882F0815253988F60027A70C /* Project object */ = {
			isa = PBXProject;
			attributes = {
				LastSwiftUpdateCheck = 1200;
				LastUpgradeCheck = 1200;
				TargetAttributes = {
					882F081C253988F60027A70C = {
						CreatedOnToolsVersion = 12.0;
					};
				};
			};
			buildConfigurationList = 882F0818253988F60027A70C /* Build configuration list for PBXProject "SkyTest" */;
			compatibilityVersion = "Xcode 9.3";
			developmentRegion = en;
			hasScannedForEncodings = 0;
			knownRegions = (
				en,
				Base,
			);
			mainGroup = 882F0814253988F60027A70C;
			productRefGroup = 882F081E253988F60027A70C /* Products */;
			projectDirPath = "";
			projectRoot = "";
			targets = (
				882F081C253988F60027A70C /* SkyTest */,
			);
		};
/* End PBXProject section */

/* Begin PBXResourcesBuildPhase section */
		882F081B253988F60027A70C /* Resources */ = {
			isa = PBXResourcesBuildPhase;
			buildActionMask = 2147483647;
			files = (
				883492A6253CE23C00F46BA1 /* LoadingCell.xib in Resources */,
				882F082D253988F80027A70C /* LaunchScreen.storyboard in Resources */,
				882F082A253988F80027A70C /* Assets.xcassets in Resources */,
				88890733253A1D7700BCA0ED /* RaceCell.xib in Resources */,
				882F0828253988F60027A70C /* Main.storyboard in Resources */,
				88E59E9D2539A059001F2F68 /* OddCell.xib in Resources */,
			);
			runOnlyForDeploymentPostprocessing = 0;
		};
/* End PBXResourcesBuildPhase section */

/* Begin PBXSourcesBuildPhase section */
		882F0819253988F60027A70C /* Sources */ = {
			isa = PBXSourcesBuildPhase;
			buildActionMask = 2147483647;
			files = (
				882F0836253989F10027A70C /* Races.swift in Sources */,
				8875F63A2539FA480050CDD1 /* RaceCellView.swift in Sources */,
				882F0825253988F60027A70C /* RaceViewController.swift in Sources */,
				88E59EA02539A331001F2F68 /* OddCellView.swift in Sources */,
				882F0821253988F60027A70C /* AppDelegate.swift in Sources */,
				882F0823253988F60027A70C /* SceneDelegate.swift in Sources */,
				889F75A1253CCFC50046C7ED /* AuthenticationView.swift in Sources */,
				882F083E253997EC0027A70C /* RaceDetailsView.swift in Sources */,
			);
			runOnlyForDeploymentPostprocessing = 0;
		};
/* End PBXSourcesBuildPhase section */

/* Begin PBXVariantGroup section */
		882F0826253988F60027A70C /* Main.storyboard */ = {
			isa = PBXVariantGroup;
			children = (
				882F0827253988F60027A70C /* Base */,
			);
			name = Main.storyboard;
			sourceTree = "<group>";
		};
		882F082B253988F80027A70C /* LaunchScreen.storyboard */ = {
			isa = PBXVariantGroup;
			children = (
				882F082C253988F80027A70C /* Base */,
			);
			name = LaunchScreen.storyboard;
			sourceTree = "<group>";
		};
/* End PBXVariantGroup section */

/* Begin XCBuildConfiguration section */
		882F082F253988F80027A70C /* Debug */ = {
			isa = XCBuildConfiguration;
			buildSettings = {
				ALWAYS_SEARCH_USER_PATHS = NO;
				CLANG_ANALYZER_NONNULL = YES;
				CLANG_ANALYZER_NUMBER_OBJECT_CONVERSION = YES_AGGRESSIVE;
				CLANG_CXX_LANGUAGE_STANDARD = "gnu++14";
				CLANG_CXX_LIBRARY = "libc++";
				CLANG_ENABLE_MODULES = YES;
				CLANG_ENABLE_OBJC_ARC = YES;
				CLANG_ENABLE_OBJC_WEAK = YES;
				CLANG_WARN_BLOCK_CAPTURE_AUTORELEASING = YES;
				CLANG_WARN_BOOL_CONVERSION = YES;
				CLANG_WARN_COMMA = YES;
				CLANG_WARN_CONSTANT_CONVERSION = YES;
				CLANG_WARN_DEPRECATED_OBJC_IMPLEMENTATIONS = YES;
				CLANG_WARN_DIRECT_OBJC_ISA_USAGE = YES_ERROR;
				CLANG_WARN_DOCUMENTATION_COMMENTS = YES;
				CLANG_WARN_EMPTY_BODY = YES;
				CLANG_WARN_ENUM_CONVERSION = YES;
				CLANG_WARN_INFINITE_RECURSION = YES;
				CLANG_WARN_INT_CONVERSION = YES;
				CLANG_WARN_NON_LITERAL_NULL_CONVERSION = YES;
				CLANG_WARN_OBJC_IMPLICIT_RETAIN_SELF = YES;
				CLANG_WARN_OBJC_LITERAL_CONVERSION = YES;
				CLANG_WARN_OBJC_ROOT_CLASS = YES_ERROR;
				CLANG_WARN_QUOTED_INCLUDE_IN_FRAMEWORK_HEADER = YES;
				CLANG_WARN_RANGE_LOOP_ANALYSIS = YES;
				CLANG_WARN_STRICT_PROTOTYPES = YES;
				CLANG_WARN_SUSPICIOUS_MOVE = YES;
				CLANG_WARN_UNGUARDED_AVAILABILITY = YES_AGGRESSIVE;
				CLANG_WARN_UNREACHABLE_CODE = YES;
				CLANG_WARN__DUPLICATE_METHOD_MATCH = YES;
				COPY_PHASE_STRIP = NO;
				DEBUG_INFORMATION_FORMAT = dwarf;
				ENABLE_STRICT_OBJC_MSGSEND = YES;
				ENABLE_TESTABILITY = YES;
				GCC_C_LANGUAGE_STANDARD = gnu11;
				GCC_DYNAMIC_NO_PIC = NO;
				GCC_NO_COMMON_BLOCKS = YES;
				GCC_OPTIMIZATION_LEVEL = 0;
				GCC_PREPROCESSOR_DEFINITIONS = (
					"DEBUG=1",
					"$(inherited)",
				);
				GCC_WARN_64_TO_32_BIT_CONVERSION = YES;
				GCC_WARN_ABOUT_RETURN_TYPE = YES_ERROR;
				GCC_WARN_UNDECLARED_SELECTOR = YES;
				GCC_WARN_UNINITIALIZED_AUTOS = YES_AGGRESSIVE;
				GCC_WARN_UNUSED_FUNCTION = YES;
				GCC_WARN_UNUSED_VARIABLE = YES;
				IPHONEOS_DEPLOYMENT_TARGET = 14.0;
				MTL_ENABLE_DEBUG_INFO = INCLUDE_SOURCE;
				MTL_FAST_MATH = YES;
				ONLY_ACTIVE_ARCH = YES;
				SDKROOT = iphoneos;
				SWIFT_ACTIVE_COMPILATION_CONDITIONS = DEBUG;
				SWIFT_OPTIMIZATION_LEVEL = "-Onone";
			};
			name = Debug;
		};
		882F0830253988F80027A70C /* Release */ = {
			isa = XCBuildConfiguration;
			buildSettings = {
				ALWAYS_SEARCH_USER_PATHS = NO;
				CLANG_ANALYZER_NONNULL = YES;
				CLANG_ANALYZER_NUMBER_OBJECT_CONVERSION = YES_AGGRESSIVE;
				CLANG_CXX_LANGUAGE_STANDARD = "gnu++14";
				CLANG_CXX_LIBRARY = "libc++";
				CLANG_ENABLE_MODULES = YES;
				CLANG_ENABLE_OBJC_ARC = YES;
				CLANG_ENABLE_OBJC_WEAK = YES;
				CLANG_WARN_BLOCK_CAPTURE_AUTORELEASING = YES;
				CLANG_WARN_BOOL_CONVERSION = YES;
				CLANG_WARN_COMMA = YES;
				CLANG_WARN_CONSTANT_CONVERSION = YES;
				CLANG_WARN_DEPRECATED_OBJC_IMPLEMENTATIONS = YES;
				CLANG_WARN_DIRECT_OBJC_ISA_USAGE = YES_ERROR;
				CLANG_WARN_DOCUMENTATION_COMMENTS = YES;
				CLANG_WARN_EMPTY_BODY = YES;
				CLANG_WARN_ENUM_CONVERSION = YES;
				CLANG_WARN_INFINITE_RECURSION = YES;
				CLANG_WARN_INT_CONVERSION = YES;
				CLANG_WARN_NON_LITERAL_NULL_CONVERSION = YES;
				CLANG_WARN_OBJC_IMPLICIT_RETAIN_SELF = YES;
				CLANG_WARN_OBJC_LITERAL_CONVERSION = YES;
				CLANG_WARN_OBJC_ROOT_CLASS = YES_ERROR;
				CLANG_WARN_QUOTED_INCLUDE_IN_FRAMEWORK_HEADER = YES;
				CLANG_WARN_RANGE_LOOP_ANALYSIS = YES;
				CLANG_WARN_STRICT_PROTOTYPES = YES;
				CLANG_WARN_SUSPICIOUS_MOVE = YES;
				CLANG_WARN_UNGUARDED_AVAILABILITY = YES_AGGRESSIVE;
				CLANG_WARN_UNREACHABLE_CODE = YES;
				CLANG_WARN__DUPLICATE_METHOD_MATCH = YES;
				COPY_PHASE_STRIP = NO;
				DEBUG_INFORMATION_FORMAT = "dwarf-with-dsym";
				ENABLE_NS_ASSERTIONS = NO;
				ENABLE_STRICT_OBJC_MSGSEND = YES;
				GCC_C_LANGUAGE_STANDARD = gnu11;
				GCC_NO_COMMON_BLOCKS = YES;
				GCC_WARN_64_TO_32_BIT_CONVERSION = YES;
				GCC_WARN_ABOUT_RETURN_TYPE = YES_ERROR;
				GCC_WARN_UNDECLARED_SELECTOR = YES;
				GCC_WARN_UNINITIALIZED_AUTOS = YES_AGGRESSIVE;
				GCC_WARN_UNUSED_FUNCTION = YES;
				GCC_WARN_UNUSED_VARIABLE = YES;
				IPHONEOS_DEPLOYMENT_TARGET = 14.0;
				MTL_ENABLE_DEBUG_INFO = NO;
				MTL_FAST_MATH = YES;
				SDKROOT = iphoneos;
				SWIFT_COMPILATION_MODE = wholemodule;
				SWIFT_OPTIMIZATION_LEVEL = "-O";
				VALIDATE_PRODUCT = YES;
			};
			name = Release;
		};
		882F0832253988F80027A70C /* Debug */ = {
			isa = XCBuildConfiguration;
			buildSettings = {
				ASSETCATALOG_COMPILER_APPICON_NAME = AppIcon;
				ASSETCATALOG_COMPILER_GLOBAL_ACCENT_COLOR_NAME = AccentColor;
				CODE_SIGN_STYLE = Automatic;
				DEVELOPMENT_TEAM = MS97L59777;
				INFOPLIST_FILE = SkyTest/Info.plist;
				LD_RUNPATH_SEARCH_PATHS = (
					"$(inherited)",
					"@executable_path/Frameworks",
				);
				PRODUCT_BUNDLE_IDENTIFIER = lormas.SkyTest;
				PRODUCT_NAME = "$(TARGET_NAME)";
				SWIFT_VERSION = 5.0;
				TARGETED_DEVICE_FAMILY = 1;
			};
			name = Debug;
		};
		882F0833253988F80027A70C /* Release */ = {
			isa = XCBuildConfiguration;
			buildSettings = {
				ASSETCATALOG_COMPILER_APPICON_NAME = AppIcon;
				ASSETCATALOG_COMPILER_GLOBAL_ACCENT_COLOR_NAME = AccentColor;
				CODE_SIGN_STYLE = Automatic;
				DEVELOPMENT_TEAM = MS97L59777;
				INFOPLIST_FILE = SkyTest/Info.plist;
				LD_RUNPATH_SEARCH_PATHS = (
					"$(inherited)",
					"@executable_path/Frameworks",
				);
				PRODUCT_BUNDLE_IDENTIFIER = lormas.SkyTest;
				PRODUCT_NAME = "$(TARGET_NAME)";
				SWIFT_VERSION = 5.0;
				TARGETED_DEVICE_FAMILY = 1;
			};
			name = Release;
		};
/* End XCBuildConfiguration section */

/* Begin XCConfigurationList section */
		882F0818253988F60027A70C /* Build configuration list for PBXProject "SkyTest" */ = {
			isa = XCConfigurationList;
			buildConfigurations = (
				882F082F253988F80027A70C /* Debug */,
				882F0830253988F80027A70C /* Release */,
			);
			defaultConfigurationIsVisible = 0;
			defaultConfigurationName = Release;
		};
		882F0831253988F80027A70C /* Build configuration list for PBXNativeTarget "SkyTest" */ = {
			isa = XCConfigurationList;
			buildConfigurations = (
				882F0832253988F80027A70C /* Debug */,
				882F0833253988F80027A70C /* Release */,
			);
			defaultConfigurationIsVisible = 0;
			defaultConfigurationName = Release;
		};
/* End XCConfigurationList section */
	};
	rootObject = 882F0815253988F60027A70C /* Project object */;
}
